// !$*UTF8*$!
{
	archiveVersion = 1;
	classes = {
	};
	objectVersion = 56;
	objects = {

/* Begin PBXBuildFile section */
		D43FD78229AE961000680664 /* AppDelegate.swift in Sources */ = {isa = PBXBuildFile; fileRef = D43FD78129AE960F00680664 /* AppDelegate.swift */; };
		D43FD78429AE961000680664 /* SceneDelegate.swift in Sources */ = {isa = PBXBuildFile; fileRef = D43FD78329AE961000680664 /* SceneDelegate.swift */; };
		D43FD78629AE961000680664 /* ViewController.swift in Sources */ = {isa = PBXBuildFile; fileRef = D43FD78529AE961000680664 /* ViewController.swift */; };
		D43FD78B29AE961100680664 /* Assets.xcassets in Resources */ = {isa = PBXBuildFile; fileRef = D43FD78A29AE961100680664 /* Assets.xcassets */; };
		D43FD78E29AE961100680664 /* LaunchScreen.storyboard in Resources */ = {isa = PBXBuildFile; fileRef = D43FD78C29AE961100680664 /* LaunchScreen.storyboard */; };
		D478D1CB29B3D0FE005D28E0 /* Request.swift in Sources */ = {isa = PBXBuildFile; fileRef = D478D1CA29B3D0FE005D28E0 /* Request.swift */; };
		D478D1CE29B3E5A8005D28E0 /* DetailsModel.swift in Sources */ = {isa = PBXBuildFile; fileRef = D478D1CD29B3E5A8005D28E0 /* DetailsModel.swift */; };
		D478D1D029B3E876005D28E0 /* ImageProcessing.swift in Sources */ = {isa = PBXBuildFile; fileRef = D478D1CF29B3E876005D28E0 /* ImageProcessing.swift */; };
		D478D1D429B3FF55005D28E0 /* BaseTabBarController.swift in Sources */ = {isa = PBXBuildFile; fileRef = D478D1D229B3FF55005D28E0 /* BaseTabBarController.swift */; };
		D478D1D529B3FF55005D28E0 /* BaseTabBarController.xib in Resources */ = {isa = PBXBuildFile; fileRef = D478D1D329B3FF55005D28E0 /* BaseTabBarController.xib */; };
		D478D1D929B40142005D28E0 /* FavouritesViewController.swift in Sources */ = {isa = PBXBuildFile; fileRef = D478D1D729B40142005D28E0 /* FavouritesViewController.swift */; };
		D478D1DA29B40142005D28E0 /* FavouritesViewController.xib in Resources */ = {isa = PBXBuildFile; fileRef = D478D1D829B40142005D28E0 /* FavouritesViewController.xib */; };
		D4B9143F29B9A6CF00FDB3AF /* EmptyStateLabel.swift in Sources */ = {isa = PBXBuildFile; fileRef = D4B9143E29B9A6CF00FDB3AF /* EmptyStateLabel.swift */; };
		D4B9144229B9ABBD00FDB3AF /* GamesCollectionViewCell.swift in Sources */ = {isa = PBXBuildFile; fileRef = D4B9144029B9ABBD00FDB3AF /* GamesCollectionViewCell.swift */; };
		D4B9144329B9ABBD00FDB3AF /* GamesCollectionViewCell.xib in Resources */ = {isa = PBXBuildFile; fileRef = D4B9144129B9ABBD00FDB3AF /* GamesCollectionViewCell.xib */; };
		D4E4748C29B5B2330079DE48 /* HomeVC + Search.swift in Sources */ = {isa = PBXBuildFile; fileRef = D4E4748B29B5B2330079DE48 /* HomeVC + Search.swift */; };
		D4E7CEE329B26D5B001AD637 /* HomeViewController.swift in Sources */ = {isa = PBXBuildFile; fileRef = D4E7CEE129B26D5B001AD637 /* HomeViewController.swift */; };
		D4E7CEE429B26D5B001AD637 /* HomeViewController.xib in Resources */ = {isa = PBXBuildFile; fileRef = D4E7CEE229B26D5B001AD637 /* HomeViewController.xib */; };
		D4E7CEE829B26DD8001AD637 /* HomeTableViewCell.swift in Sources */ = {isa = PBXBuildFile; fileRef = D4E7CEE629B26DD8001AD637 /* HomeTableViewCell.swift */; };
		D4E7CEE929B26DD8001AD637 /* HomeTableViewCell.xib in Resources */ = {isa = PBXBuildFile; fileRef = D4E7CEE729B26DD8001AD637 /* HomeTableViewCell.xib */; };
		D4E7CEEB29B2707A001AD637 /* HomeModel.swift in Sources */ = {isa = PBXBuildFile; fileRef = D4E7CEEA29B2707A001AD637 /* HomeModel.swift */; };
		D4E7CEEF29B275F8001AD637 /* DetailsHeaderView.swift in Sources */ = {isa = PBXBuildFile; fileRef = D4E7CEEE29B275F8001AD637 /* DetailsHeaderView.swift */; };
		D4E7CEF129B27608001AD637 /* DetailsHeaderView.xib in Resources */ = {isa = PBXBuildFile; fileRef = D4E7CEF029B27608001AD637 /* DetailsHeaderView.xib */; };
		D4E7CEF629B2818F001AD637 /* DetailsViewcontroller.swift in Sources */ = {isa = PBXBuildFile; fileRef = D4E7CEF429B2818F001AD637 /* DetailsViewcontroller.swift */; };
		D4E7CEF729B2818F001AD637 /* DetailsViewcontroller.xib in Resources */ = {isa = PBXBuildFile; fileRef = D4E7CEF529B2818F001AD637 /* DetailsViewcontroller.xib */; };
		D4E7CEFA29B2828C001AD637 /* Extensions.swift in Sources */ = {isa = PBXBuildFile; fileRef = D4E7CEF929B2828C001AD637 /* Extensions.swift */; };
		D4E7CEFC29B28361001AD637 /* SectionHeader.swift in Sources */ = {isa = PBXBuildFile; fileRef = D4E7CEFB29B28361001AD637 /* SectionHeader.swift */; };
		D4E7CEFF29B2837C001AD637 /* SectionHeader.xib in Resources */ = {isa = PBXBuildFile; fileRef = D4E7CEFE29B2837C001AD637 /* SectionHeader.xib */; };
		D4E7CF0229B2866A001AD637 /* DetailsTableViewCell.swift in Sources */ = {isa = PBXBuildFile; fileRef = D4E7CF0029B2866A001AD637 /* DetailsTableViewCell.swift */; };
		D4E7CF0329B2866A001AD637 /* DetailsTableViewCell.xib in Resources */ = {isa = PBXBuildFile; fileRef = D4E7CF0129B2866A001AD637 /* DetailsTableViewCell.xib */; };
/* End PBXBuildFile section */

/* Begin PBXFileReference section */
		D43FD77E29AE960F00680664 /* DCAFood.app */ = {isa = PBXFileReference; explicitFileType = wrapper.application; includeInIndex = 0; path = DCAFood.app; sourceTree = BUILT_PRODUCTS_DIR; };
		D43FD78129AE960F00680664 /* AppDelegate.swift */ = {isa = PBXFileReference; lastKnownFileType = sourcecode.swift; path = AppDelegate.swift; sourceTree = "<group>"; };
		D43FD78329AE961000680664 /* SceneDelegate.swift */ = {isa = PBXFileReference; lastKnownFileType = sourcecode.swift; path = SceneDelegate.swift; sourceTree = "<group>"; };
		D43FD78529AE961000680664 /* ViewController.swift */ = {isa = PBXFileReference; lastKnownFileType = sourcecode.swift; path = ViewController.swift; sourceTree = "<group>"; };
		D43FD78A29AE961100680664 /* Assets.xcassets */ = {isa = PBXFileReference; lastKnownFileType = folder.assetcatalog; path = Assets.xcassets; sourceTree = "<group>"; };
		D43FD78D29AE961100680664 /* Base */ = {isa = PBXFileReference; lastKnownFileType = file.storyboard; name = Base; path = Base.lproj/LaunchScreen.storyboard; sourceTree = "<group>"; };
		D43FD78F29AE961100680664 /* Info.plist */ = {isa = PBXFileReference; lastKnownFileType = text.plist.xml; path = Info.plist; sourceTree = "<group>"; };
		D478D1CA29B3D0FE005D28E0 /* Request.swift */ = {isa = PBXFileReference; lastKnownFileType = sourcecode.swift; path = Request.swift; sourceTree = "<group>"; };
		D478D1CD29B3E5A8005D28E0 /* DetailsModel.swift */ = {isa = PBXFileReference; lastKnownFileType = sourcecode.swift; path = DetailsModel.swift; sourceTree = "<group>"; };
		D478D1CF29B3E876005D28E0 /* ImageProcessing.swift */ = {isa = PBXFileReference; lastKnownFileType = sourcecode.swift; path = ImageProcessing.swift; sourceTree = "<group>"; };
		D478D1D229B3FF55005D28E0 /* BaseTabBarController.swift */ = {isa = PBXFileReference; lastKnownFileType = sourcecode.swift; path = BaseTabBarController.swift; sourceTree = "<group>"; };
		D478D1D329B3FF55005D28E0 /* BaseTabBarController.xib */ = {isa = PBXFileReference; lastKnownFileType = file.xib; path = BaseTabBarController.xib; sourceTree = "<group>"; };
		D478D1D729B40142005D28E0 /* FavouritesViewController.swift */ = {isa = PBXFileReference; lastKnownFileType = sourcecode.swift; path = FavouritesViewController.swift; sourceTree = "<group>"; };
		D478D1D829B40142005D28E0 /* FavouritesViewController.xib */ = {isa = PBXFileReference; lastKnownFileType = file.xib; path = FavouritesViewController.xib; sourceTree = "<group>"; };
		D4B9143E29B9A6CF00FDB3AF /* EmptyStateLabel.swift */ = {isa = PBXFileReference; lastKnownFileType = sourcecode.swift; path = EmptyStateLabel.swift; sourceTree = "<group>"; };
		D4B9144029B9ABBD00FDB3AF /* GamesCollectionViewCell.swift */ = {isa = PBXFileReference; lastKnownFileType = sourcecode.swift; path = GamesCollectionViewCell.swift; sourceTree = "<group>"; };
		D4B9144129B9ABBD00FDB3AF /* GamesCollectionViewCell.xib */ = {isa = PBXFileReference; lastKnownFileType = file.xib; path = GamesCollectionViewCell.xib; sourceTree = "<group>"; };
		D4E4748B29B5B2330079DE48 /* HomeVC + Search.swift */ = {isa = PBXFileReference; lastKnownFileType = sourcecode.swift; path = "HomeVC + Search.swift"; sourceTree = "<group>"; };
		D4E7CEE129B26D5B001AD637 /* HomeViewController.swift */ = {isa = PBXFileReference; lastKnownFileType = sourcecode.swift; path = HomeViewController.swift; sourceTree = "<group>"; };
		D4E7CEE229B26D5B001AD637 /* HomeViewController.xib */ = {isa = PBXFileReference; lastKnownFileType = file.xib; path = HomeViewController.xib; sourceTree = "<group>"; };
		D4E7CEE629B26DD8001AD637 /* HomeTableViewCell.swift */ = {isa = PBXFileReference; lastKnownFileType = sourcecode.swift; path = HomeTableViewCell.swift; sourceTree = "<group>"; };
		D4E7CEE729B26DD8001AD637 /* HomeTableViewCell.xib */ = {isa = PBXFileReference; lastKnownFileType = file.xib; path = HomeTableViewCell.xib; sourceTree = "<group>"; };
		D4E7CEEA29B2707A001AD637 /* HomeModel.swift */ = {isa = PBXFileReference; lastKnownFileType = sourcecode.swift; path = HomeModel.swift; sourceTree = "<group>"; };
		D4E7CEEE29B275F8001AD637 /* DetailsHeaderView.swift */ = {isa = PBXFileReference; lastKnownFileType = sourcecode.swift; path = DetailsHeaderView.swift; sourceTree = "<group>"; };
		D4E7CEF029B27608001AD637 /* DetailsHeaderView.xib */ = {isa = PBXFileReference; lastKnownFileType = file.xib; path = DetailsHeaderView.xib; sourceTree = "<group>"; };
		D4E7CEF429B2818F001AD637 /* DetailsViewcontroller.swift */ = {isa = PBXFileReference; lastKnownFileType = sourcecode.swift; path = DetailsViewcontroller.swift; sourceTree = "<group>"; };
		D4E7CEF529B2818F001AD637 /* DetailsViewcontroller.xib */ = {isa = PBXFileReference; lastKnownFileType = file.xib; path = DetailsViewcontroller.xib; sourceTree = "<group>"; };
		D4E7CEF929B2828C001AD637 /* Extensions.swift */ = {isa = PBXFileReference; lastKnownFileType = sourcecode.swift; path = Extensions.swift; sourceTree = "<group>"; };
		D4E7CEFB29B28361001AD637 /* SectionHeader.swift */ = {isa = PBXFileReference; lastKnownFileType = sourcecode.swift; path = SectionHeader.swift; sourceTree = "<group>"; };
		D4E7CEFE29B2837C001AD637 /* SectionHeader.xib */ = {isa = PBXFileReference; lastKnownFileType = file.xib; path = SectionHeader.xib; sourceTree = "<group>"; };
		D4E7CF0029B2866A001AD637 /* DetailsTableViewCell.swift */ = {isa = PBXFileReference; lastKnownFileType = sourcecode.swift; path = DetailsTableViewCell.swift; sourceTree = "<group>"; };
		D4E7CF0129B2866A001AD637 /* DetailsTableViewCell.xib */ = {isa = PBXFileReference; lastKnownFileType = file.xib; path = DetailsTableViewCell.xib; sourceTree = "<group>"; };
/* End PBXFileReference section */

/* Begin PBXFrameworksBuildPhase section */
		D43FD77B29AE960F00680664 /* Frameworks */ = {
			isa = PBXFrameworksBuildPhase;
			buildActionMask = 2147483647;
			files = (
			);
			runOnlyForDeploymentPostprocessing = 0;
		};
/* End PBXFrameworksBuildPhase section */

/* Begin PBXGroup section */
		D43FD77529AE960F00680664 = {
			isa = PBXGroup;
			children = (
				D43FD78029AE960F00680664 /* DCAFood */,
				D43FD77F29AE960F00680664 /* Products */,
			);
			sourceTree = "<group>";
		};
		D43FD77F29AE960F00680664 /* Products */ = {
			isa = PBXGroup;
			children = (
				D43FD77E29AE960F00680664 /* DCAFood.app */,
			);
			name = Products;
			sourceTree = "<group>";
		};
		D43FD78029AE960F00680664 /* DCAFood */ = {
			isa = PBXGroup;
			children = (
				D4E7CEF829B2827C001AD637 /* Extensions */,
				D4E7CEF229B27A8F001AD637 /* Networking */,
				D4E7CEEC29B2758D001AD637 /* Helper */,
				D4E7CED829B26CE9001AD637 /* Scenes */,
				D43FD78129AE960F00680664 /* AppDelegate.swift */,
				D43FD78329AE961000680664 /* SceneDelegate.swift */,
				D43FD78529AE961000680664 /* ViewController.swift */,
				D43FD78A29AE961100680664 /* Assets.xcassets */,
				D43FD78C29AE961100680664 /* LaunchScreen.storyboard */,
				D43FD78F29AE961100680664 /* Info.plist */,
			);
			path = DCAFood;
			sourceTree = "<group>";
		};
		D478D1CC29B3E59E005D28E0 /* Model */ = {
			isa = PBXGroup;
			children = (
				D478D1CD29B3E5A8005D28E0 /* DetailsModel.swift */,
			);
			path = Model;
			sourceTree = "<group>";
		};
		D478D1D129B3FF2D005D28E0 /* BaseTabBar */ = {
			isa = PBXGroup;
			children = (
				D478D1D229B3FF55005D28E0 /* BaseTabBarController.swift */,
				D478D1D329B3FF55005D28E0 /* BaseTabBarController.xib */,
			);
			path = BaseTabBar;
			sourceTree = "<group>";
		};
		D478D1D629B4012D005D28E0 /* ViewController */ = {
			isa = PBXGroup;
			children = (
				D478D1D729B40142005D28E0 /* FavouritesViewController.swift */,
				D478D1D829B40142005D28E0 /* FavouritesViewController.xib */,
			);
			path = ViewController;
			sourceTree = "<group>";
		};
		D4E7CED829B26CE9001AD637 /* Scenes */ = {
			isa = PBXGroup;
			children = (
				D478D1D129B3FF2D005D28E0 /* BaseTabBar */,
				D4E7CEDB29B26CFB001AD637 /* Favourites */,
				D4E7CEDA29B26CF4001AD637 /* Details */,
				D4E7CED929B26CEF001AD637 /* Home */,
			);
			path = Scenes;
			sourceTree = "<group>";
		};
		D4E7CED929B26CEF001AD637 /* Home */ = {
			isa = PBXGroup;
			children = (
				D4E7CEE029B26D28001AD637 /* Model */,
				D4E7CEDF29B26D20001AD637 /* ApiServices */,
				D4E7CEDE29B26D1A001AD637 /* ViewModel */,
				D4E7CEDD29B26D0D001AD637 /* View */,
				D4E7CEDC29B26D03001AD637 /* ViewControoler */,
			);
			path = Home;
			sourceTree = "<group>";
		};
		D4E7CEDA29B26CF4001AD637 /* Details */ = {
			isa = PBXGroup;
			children = (
				D478D1CC29B3E59E005D28E0 /* Model */,
				D4E7CEF329B28166001AD637 /* ViewController */,
				D4E7CEED29B275D5001AD637 /* View */,
			);
			path = Details;
			sourceTree = "<group>";
		};
		D4E7CEDB29B26CFB001AD637 /* Favourites */ = {
			isa = PBXGroup;
			children = (
				D478D1D629B4012D005D28E0 /* ViewController */,
			);
			path = Favourites;
			sourceTree = "<group>";
		};
		D4E7CEDC29B26D03001AD637 /* ViewControoler */ = {
			isa = PBXGroup;
			children = (
				D4E7CEE129B26D5B001AD637 /* HomeViewController.swift */,
				D4E7CEE229B26D5B001AD637 /* HomeViewController.xib */,
				D4E4748B29B5B2330079DE48 /* HomeVC + Search.swift */,
			);
			path = ViewControoler;
			sourceTree = "<group>";
		};
		D4E7CEDD29B26D0D001AD637 /* View */ = {
			isa = PBXGroup;
			children = (
				D4E7CEE529B26D5F001AD637 /* Cells */,
			);
			path = View;
			sourceTree = "<group>";
		};
		D4E7CEDE29B26D1A001AD637 /* ViewModel */ = {
			isa = PBXGroup;
			children = (
			);
			path = ViewModel;
			sourceTree = "<group>";
		};
		D4E7CEDF29B26D20001AD637 /* ApiServices */ = {
			isa = PBXGroup;
			children = (
			);
			path = ApiServices;
			sourceTree = "<group>";
		};
		D4E7CEE029B26D28001AD637 /* Model */ = {
			isa = PBXGroup;
			children = (
				D4E7CEEA29B2707A001AD637 /* HomeModel.swift */,
			);
			path = Model;
			sourceTree = "<group>";
		};
		D4E7CEE529B26D5F001AD637 /* Cells */ = {
			isa = PBXGroup;
			children = (
				D4E7CEE629B26DD8001AD637 /* HomeTableViewCell.swift */,
				D4E7CEE729B26DD8001AD637 /* HomeTableViewCell.xib */,
				D4B9144029B9ABBD00FDB3AF /* GamesCollectionViewCell.swift */,
				D4B9144129B9ABBD00FDB3AF /* GamesCollectionViewCell.xib */,
			);
			path = Cells;
			sourceTree = "<group>";
		};
		D4E7CEEC29B2758D001AD637 /* Helper */ = {
			isa = PBXGroup;
			children = (
				D478D1CF29B3E876005D28E0 /* ImageProcessing.swift */,
				D4B9143E29B9A6CF00FDB3AF /* EmptyStateLabel.swift */,
			);
			path = Helper;
			sourceTree = "<group>";
		};
		D4E7CEED29B275D5001AD637 /* View */ = {
			isa = PBXGroup;
			children = (
				D4E7CEEE29B275F8001AD637 /* DetailsHeaderView.swift */,
				D4E7CEF029B27608001AD637 /* DetailsHeaderView.xib */,
				D4E7CEFB29B28361001AD637 /* SectionHeader.swift */,
				D4E7CEFE29B2837C001AD637 /* SectionHeader.xib */,
				D4E7CF0029B2866A001AD637 /* DetailsTableViewCell.swift */,
				D4E7CF0129B2866A001AD637 /* DetailsTableViewCell.xib */,
			);
			path = View;
			sourceTree = "<group>";
		};
		D4E7CEF229B27A8F001AD637 /* Networking */ = {
			isa = PBXGroup;
			children = (
				D478D1CA29B3D0FE005D28E0 /* Request.swift */,
			);
			path = Networking;
			sourceTree = "<group>";
		};
		D4E7CEF329B28166001AD637 /* ViewController */ = {
			isa = PBXGroup;
			children = (
				D4E7CEF429B2818F001AD637 /* DetailsViewcontroller.swift */,
				D4E7CEF529B2818F001AD637 /* DetailsViewcontroller.xib */,
			);
			path = ViewController;
			sourceTree = "<group>";
		};
		D4E7CEF829B2827C001AD637 /* Extensions */ = {
			isa = PBXGroup;
			children = (
				D4E7CEF929B2828C001AD637 /* Extensions.swift */,
			);
			path = Extensions;
			sourceTree = "<group>";
		};
/* End PBXGroup section */

/* Begin PBXNativeTarget section */
		D43FD77D29AE960F00680664 /* DCAFood */ = {
			isa = PBXNativeTarget;
			buildConfigurationList = D43FD79229AE961100680664 /* Build configuration list for PBXNativeTarget "DCAFood" */;
			buildPhases = (
				D43FD77A29AE960F00680664 /* Sources */,
				D43FD77B29AE960F00680664 /* Frameworks */,
				D43FD77C29AE960F00680664 /* Resources */,
			);
			buildRules = (
			);
			dependencies = (
			);
			name = DCAFood;
			productName = DCAFood;
			productReference = D43FD77E29AE960F00680664 /* DCAFood.app */;
			productType = "com.apple.product-type.application";
		};
/* End PBXNativeTarget section */

/* Begin PBXProject section */
		D43FD77629AE960F00680664 /* Project object */ = {
			isa = PBXProject;
			attributes = {
				BuildIndependentTargetsInParallel = 1;
				LastSwiftUpdateCheck = 1420;
				LastUpgradeCheck = 1420;
				TargetAttributes = {
					D43FD77D29AE960F00680664 = {
						CreatedOnToolsVersion = 14.2;
					};
				};
			};
			buildConfigurationList = D43FD77929AE960F00680664 /* Build configuration list for PBXProject "DCAFood" */;
			compatibilityVersion = "Xcode 14.0";
			developmentRegion = en;
			hasScannedForEncodings = 0;
			knownRegions = (
				en,
				Base,
			);
			mainGroup = D43FD77529AE960F00680664;
			packageReferences = (
				D425C6EE29B3BBF800D1A390 /* XCRemoteSwiftPackageReference "Moya" */,
			);
			productRefGroup = D43FD77F29AE960F00680664 /* Products */;
			projectDirPath = "";
			projectRoot = "";
			targets = (
				D43FD77D29AE960F00680664 /* DCAFood */,
			);
		};
/* End PBXProject section */

/* Begin PBXResourcesBuildPhase section */
		D43FD77C29AE960F00680664 /* Resources */ = {
			isa = PBXResourcesBuildPhase;
			buildActionMask = 2147483647;
			files = (
				D4B9144329B9ABBD00FDB3AF /* GamesCollectionViewCell.xib in Resources */,
				D478D1D529B3FF55005D28E0 /* BaseTabBarController.xib in Resources */,
				D4E7CEFF29B2837C001AD637 /* SectionHeader.xib in Resources */,
				D43FD78E29AE961100680664 /* LaunchScreen.storyboard in Resources */,
				D43FD78B29AE961100680664 /* Assets.xcassets in Resources */,
				D4E7CEF729B2818F001AD637 /* DetailsViewcontroller.xib in Resources */,
				D4E7CF0329B2866A001AD637 /* DetailsTableViewCell.xib in Resources */,
				D478D1DA29B40142005D28E0 /* FavouritesViewController.xib in Resources */,
				D4E7CEE929B26DD8001AD637 /* HomeTableViewCell.xib in Resources */,
				D4E7CEF129B27608001AD637 /* DetailsHeaderView.xib in Resources */,
				D4E7CEE429B26D5B001AD637 /* HomeViewController.xib in Resources */,
			);
			runOnlyForDeploymentPostprocessing = 0;
		};
/* End PBXResourcesBuildPhase section */

/* Begin PBXSourcesBuildPhase section */
		D43FD77A29AE960F00680664 /* Sources */ = {
			isa = PBXSourcesBuildPhase;
			buildActionMask = 2147483647;
			files = (
				D478D1D929B40142005D28E0 /* FavouritesViewController.swift in Sources */,
				D43FD78629AE961000680664 /* ViewController.swift in Sources */,
				D478D1CB29B3D0FE005D28E0 /* Request.swift in Sources */,
				D4E4748C29B5B2330079DE48 /* HomeVC + Search.swift in Sources */,
				D478D1D429B3FF55005D28E0 /* BaseTabBarController.swift in Sources */,
				D4E7CEFA29B2828C001AD637 /* Extensions.swift in Sources */,
				D4B9144229B9ABBD00FDB3AF /* GamesCollectionViewCell.swift in Sources */,
				D4E7CEFC29B28361001AD637 /* SectionHeader.swift in Sources */,
				D4E7CEE829B26DD8001AD637 /* HomeTableViewCell.swift in Sources */,
				D43FD78229AE961000680664 /* AppDelegate.swift in Sources */,
				D4E7CF0229B2866A001AD637 /* DetailsTableViewCell.swift in Sources */,
				D4E7CEF629B2818F001AD637 /* DetailsViewcontroller.swift in Sources */,
				D4E7CEEB29B2707A001AD637 /* HomeModel.swift in Sources */,
				D4B9143F29B9A6CF00FDB3AF /* EmptyStateLabel.swift in Sources */,
				D478D1CE29B3E5A8005D28E0 /* DetailsModel.swift in Sources */,
				D478D1D029B3E876005D28E0 /* ImageProcessing.swift in Sources */,
				D4E7CEEF29B275F8001AD637 /* DetailsHeaderView.swift in Sources */,
				D43FD78429AE961000680664 /* SceneDelegate.swift in Sources */,
				D4E7CEE329B26D5B001AD637 /* HomeViewController.swift in Sources */,
			);
			runOnlyForDeploymentPostprocessing = 0;
		};
/* End PBXSourcesBuildPhase section */

/* Begin PBXVariantGroup section */
		D43FD78C29AE961100680664 /* LaunchScreen.storyboard */ = {
			isa = PBXVariantGroup;
			children = (
				D43FD78D29AE961100680664 /* Base */,
			);
			name = LaunchScreen.storyboard;
			sourceTree = "<group>";
		};
/* End PBXVariantGroup section */

/* Begin XCBuildConfiguration section */
		D43FD79029AE961100680664 /* Debug */ = {
			isa = XCBuildConfiguration;
			buildSettings = {
				ALWAYS_SEARCH_USER_PATHS = NO;
				CLANG_ANALYZER_NONNULL = YES;
				CLANG_ANALYZER_NUMBER_OBJECT_CONVERSION = YES_AGGRESSIVE;
				CLANG_CXX_LANGUAGE_STANDARD = "gnu++20";
				CLANG_ENABLE_MODULES = YES;
				CLANG_ENABLE_OBJC_ARC = YES;
				CLANG_ENABLE_OBJC_WEAK = YES;
				CLANG_WARN_BLOCK_CAPTURE_AUTORELEASING = YES;
				CLANG_WARN_BOOL_CONVERSION = YES;
				CLANG_WARN_COMMA = YES;
				CLANG_WARN_CONSTANT_CONVERSION = YES;
				CLANG_WARN_DEPRECATED_OBJC_IMPLEMENTATIONS = YES;
				CLANG_WARN_DIRECT_OBJC_ISA_USAGE = YES_ERROR;
				CLANG_WARN_DOCUMENTATION_COMMENTS = YES;
				CLANG_WARN_EMPTY_BODY = YES;
				CLANG_WARN_ENUM_CONVERSION = YES;
				CLANG_WARN_INFINITE_RECURSION = YES;
				CLANG_WARN_INT_CONVERSION = YES;
				CLANG_WARN_NON_LITERAL_NULL_CONVERSION = YES;
				CLANG_WARN_OBJC_IMPLICIT_RETAIN_SELF = YES;
				CLANG_WARN_OBJC_LITERAL_CONVERSION = YES;
				CLANG_WARN_OBJC_ROOT_CLASS = YES_ERROR;
				CLANG_WARN_QUOTED_INCLUDE_IN_FRAMEWORK_HEADER = YES;
				CLANG_WARN_RANGE_LOOP_ANALYSIS = YES;
				CLANG_WARN_STRICT_PROTOTYPES = YES;
				CLANG_WARN_SUSPICIOUS_MOVE = YES;
				CLANG_WARN_UNGUARDED_AVAILABILITY = YES_AGGRESSIVE;
				CLANG_WARN_UNREACHABLE_CODE = YES;
				CLANG_WARN__DUPLICATE_METHOD_MATCH = YES;
				COPY_PHASE_STRIP = NO;
				DEBUG_INFORMATION_FORMAT = dwarf;
				ENABLE_STRICT_OBJC_MSGSEND = YES;
				ENABLE_TESTABILITY = YES;
				GCC_C_LANGUAGE_STANDARD = gnu11;
				GCC_DYNAMIC_NO_PIC = NO;
				GCC_NO_COMMON_BLOCKS = YES;
				GCC_OPTIMIZATION_LEVEL = 0;
				GCC_PREPROCESSOR_DEFINITIONS = (
					"DEBUG=1",
					"$(inherited)",
				);
				GCC_WARN_64_TO_32_BIT_CONVERSION = YES;
				GCC_WARN_ABOUT_RETURN_TYPE = YES_ERROR;
				GCC_WARN_UNDECLARED_SELECTOR = YES;
				GCC_WARN_UNINITIALIZED_AUTOS = YES_AGGRESSIVE;
				GCC_WARN_UNUSED_FUNCTION = YES;
				GCC_WARN_UNUSED_VARIABLE = YES;
				IPHONEOS_DEPLOYMENT_TARGET = 11.0;
				MTL_ENABLE_DEBUG_INFO = INCLUDE_SOURCE;
				MTL_FAST_MATH = YES;
				ONLY_ACTIVE_ARCH = YES;
				SDKROOT = iphoneos;
				SWIFT_ACTIVE_COMPILATION_CONDITIONS = DEBUG;
				SWIFT_OPTIMIZATION_LEVEL = "-Onone";
			};
			name = Debug;
		};
		D43FD79129AE961100680664 /* Release */ = {
			isa = XCBuildConfiguration;
			buildSettings = {
				ALWAYS_SEARCH_USER_PATHS = NO;
				CLANG_ANALYZER_NONNULL = YES;
				CLANG_ANALYZER_NUMBER_OBJECT_CONVERSION = YES_AGGRESSIVE;
				CLANG_CXX_LANGUAGE_STANDARD = "gnu++20";
				CLANG_ENABLE_MODULES = YES;
				CLANG_ENABLE_OBJC_ARC = YES;
				CLANG_ENABLE_OBJC_WEAK = YES;
				CLANG_WARN_BLOCK_CAPTURE_AUTORELEASING = YES;
				CLANG_WARN_BOOL_CONVERSION = YES;
				CLANG_WARN_COMMA = YES;
				CLANG_WARN_CONSTANT_CONVERSION = YES;
				CLANG_WARN_DEPRECATED_OBJC_IMPLEMENTATIONS = YES;
				CLANG_WARN_DIRECT_OBJC_ISA_USAGE = YES_ERROR;
				CLANG_WARN_DOCUMENTATION_COMMENTS = YES;
				CLANG_WARN_EMPTY_BODY = YES;
				CLANG_WARN_ENUM_CONVERSION = YES;
				CLANG_WARN_INFINITE_RECURSION = YES;
				CLANG_WARN_INT_CONVERSION = YES;
				CLANG_WARN_NON_LITERAL_NULL_CONVERSION = YES;
				CLANG_WARN_OBJC_IMPLICIT_RETAIN_SELF = YES;
				CLANG_WARN_OBJC_LITERAL_CONVERSION = YES;
				CLANG_WARN_OBJC_ROOT_CLASS = YES_ERROR;
				CLANG_WARN_QUOTED_INCLUDE_IN_FRAMEWORK_HEADER = YES;
				CLANG_WARN_RANGE_LOOP_ANALYSIS = YES;
				CLANG_WARN_STRICT_PROTOTYPES = YES;
				CLANG_WARN_SUSPICIOUS_MOVE = YES;
				CLANG_WARN_UNGUARDED_AVAILABILITY = YES_AGGRESSIVE;
				CLANG_WARN_UNREACHABLE_CODE = YES;
				CLANG_WARN__DUPLICATE_METHOD_MATCH = YES;
				COPY_PHASE_STRIP = NO;
				DEBUG_INFORMATION_FORMAT = "dwarf-with-dsym";
				ENABLE_NS_ASSERTIONS = NO;
				ENABLE_STRICT_OBJC_MSGSEND = YES;
				GCC_C_LANGUAGE_STANDARD = gnu11;
				GCC_NO_COMMON_BLOCKS = YES;
				GCC_WARN_64_TO_32_BIT_CONVERSION = YES;
				GCC_WARN_ABOUT_RETURN_TYPE = YES_ERROR;
				GCC_WARN_UNDECLARED_SELECTOR = YES;
				GCC_WARN_UNINITIALIZED_AUTOS = YES_AGGRESSIVE;
				GCC_WARN_UNUSED_FUNCTION = YES;
				GCC_WARN_UNUSED_VARIABLE = YES;
				IPHONEOS_DEPLOYMENT_TARGET = 11.0;
				MTL_ENABLE_DEBUG_INFO = NO;
				MTL_FAST_MATH = YES;
				SDKROOT = iphoneos;
				SWIFT_COMPILATION_MODE = wholemodule;
				SWIFT_OPTIMIZATION_LEVEL = "-O";
				VALIDATE_PRODUCT = YES;
			};
			name = Release;
		};
		D43FD79329AE961100680664 /* Debug */ = {
			isa = XCBuildConfiguration;
			buildSettings = {
				ASSETCATALOG_COMPILER_APPICON_NAME = AppIcon;
				ASSETCATALOG_COMPILER_GLOBAL_ACCENT_COLOR_NAME = AccentColor;
				CODE_SIGN_STYLE = Automatic;
				CURRENT_PROJECT_VERSION = 1;
				GENERATE_INFOPLIST_FILE = YES;
				INFOPLIST_FILE = DCAFood/Info.plist;
				INFOPLIST_KEY_UIApplicationSupportsIndirectInputEvents = YES;
				INFOPLIST_KEY_UILaunchStoryboardName = "";
				INFOPLIST_KEY_UISupportedInterfaceOrientations_iPad = "UIInterfaceOrientationPortrait UIInterfaceOrientationPortraitUpsideDown UIInterfaceOrientationLandscapeLeft UIInterfaceOrientationLandscapeRight";
				INFOPLIST_KEY_UISupportedInterfaceOrientations_iPhone = "UIInterfaceOrientationPortrait UIInterfaceOrientationLandscapeLeft UIInterfaceOrientationLandscapeRight";
				IPHONEOS_DEPLOYMENT_TARGET = 11.0;
				LD_RUNPATH_SEARCH_PATHS = (
					"$(inherited)",
					"@executable_path/Frameworks",
				);
				MARKETING_VERSION = 1.0;
				PRODUCT_BUNDLE_IDENTIFIER = Mostafa.DCAFood;
				PRODUCT_NAME = "$(TARGET_NAME)";
				SWIFT_EMIT_LOC_STRINGS = YES;
				SWIFT_VERSION = 5.0;
				TARGETED_DEVICE_FAMILY = "1,2";
			};
			name = Debug;
		};
		D43FD79429AE961100680664 /* Release */ = {
			isa = XCBuildConfiguration;
			buildSettings = {
				ASSETCATALOG_COMPILER_APPICON_NAME = AppIcon;
				ASSETCATALOG_COMPILER_GLOBAL_ACCENT_COLOR_NAME = AccentColor;
				CODE_SIGN_STYLE = Automatic;
				CURRENT_PROJECT_VERSION = 1;
				GENERATE_INFOPLIST_FILE = YES;
				INFOPLIST_FILE = DCAFood/Info.plist;
				INFOPLIST_KEY_UIApplicationSupportsIndirectInputEvents = YES;
				INFOPLIST_KEY_UILaunchStoryboardName = "";
				INFOPLIST_KEY_UISupportedInterfaceOrientations_iPad = "UIInterfaceOrientationPortrait UIInterfaceOrientationPortraitUpsideDown UIInterfaceOrientationLandscapeLeft UIInterfaceOrientationLandscapeRight";
				INFOPLIST_KEY_UISupportedInterfaceOrientations_iPhone = "UIInterfaceOrientationPortrait UIInterfaceOrientationLandscapeLeft UIInterfaceOrientationLandscapeRight";
				IPHONEOS_DEPLOYMENT_TARGET = 11.0;
				LD_RUNPATH_SEARCH_PATHS = (
					"$(inherited)",
					"@executable_path/Frameworks",
				);
				MARKETING_VERSION = 1.0;
				PRODUCT_BUNDLE_IDENTIFIER = Mostafa.DCAFood;
				PRODUCT_NAME = "$(TARGET_NAME)";
				SWIFT_EMIT_LOC_STRINGS = YES;
				SWIFT_VERSION = 5.0;
				TARGETED_DEVICE_FAMILY = "1,2";
			};
			name = Release;
		};
/* End XCBuildConfiguration section */

/* Begin XCConfigurationList section */
		D43FD77929AE960F00680664 /* Build configuration list for PBXProject "DCAFood" */ = {
			isa = XCConfigurationList;
			buildConfigurations = (
				D43FD79029AE961100680664 /* Debug */,
				D43FD79129AE961100680664 /* Release */,
			);
			defaultConfigurationIsVisible = 0;
			defaultConfigurationName = Release;
		};
		D43FD79229AE961100680664 /* Build configuration list for PBXNativeTarget "DCAFood" */ = {
			isa = XCConfigurationList;
			buildConfigurations = (
				D43FD79329AE961100680664 /* Debug */,
				D43FD79429AE961100680664 /* Release */,
			);
			defaultConfigurationIsVisible = 0;
			defaultConfigurationName = Release;
		};
/* End XCConfigurationList section */

/* Begin XCRemoteSwiftPackageReference section */
		D425C6EE29B3BBF800D1A390 /* XCRemoteSwiftPackageReference "Moya" */ = {
			isa = XCRemoteSwiftPackageReference;
			repositoryURL = "https://github.com/Moya/Moya.git";
			requirement = {
				kind = upToNextMajorVersion;
				minimumVersion = 9.0.0;
			};
		};
/* End XCRemoteSwiftPackageReference section */
	};
	rootObject = D43FD77629AE960F00680664 /* Project object */;
}
